{
  "originHash" : "404001d31e9b6729839cc53b5cf5d2fd7ecedbe263305dcc98e50da80856e082",
  "pins" : [
    {
      "identity" : "bottomsheet",
      "kind" : "remoteSourceControl",
      "location" : "https://github.com/lucaszischka/BottomSheet",
      "state" : {
        "revision" : "720ddbd1371fef2a09cc1ab65fc503df37767f9c",
        "version" : "3.1.1"
      }
    },
    {
      "identity" : "dependencyinitializer",
      "kind" : "remoteSourceControl",
      "location" : "https://github.com/ivangalkindeveloper/DependencyInitializer",
      "state" : {
        "branch" : "master",
        "revision" : "64c944650c13783bb805839dfe2773f5ee7c4806"
      }
    },
    {
      "identity" : "router",
      "kind" : "remoteSourceControl",
      "location" : "https://github.com/ivangalkindeveloper/Router",
      "state" : {
        "branch" : "master",
        "revision" : "b860a26a6498a5203686b8d8b4c58fe19d2d8b12"
      }
    }
  ],
  "version" : 3
}
