{
  "originHash" : "9464a60fca6b08ee7877c656da996db7a64735d91cee3ee86f4c406072060590",
  "pins" : [
    {
      "identity" : "dependencyinitializer",
      "kind" : "remoteSourceControl",
      "location" : "https://github.com/ivangalkindeveloper/DependencyInitializer",
      "state" : {
        "branch" : "master",
        "revision" : "64c944650c13783bb805839dfe2773f5ee7c4806"
      }
    },
    {
      "identity" : "router",
      "kind" : "remoteSourceControl",
      "location" : "https://github.com/ivangalkindeveloper/Router",
      "state" : {
        "branch" : "master",
        "revision" : "b860a26a6498a5203686b8d8b4c58fe19d2d8b12"
      }
    }
  ],
  "version" : 3
}
